// !$*UTF8*$!
{
	archiveVersion = 1;
	classes = {
	};
	objectVersion = 77;
	objects = {

/* Begin PBXContainerItemProxy section */
		FCECA2182CEFDCA2009AF038 /* PBXContainerItemProxy */ = {
			isa = PBXContainerItemProxy;
			containerPortal = FCECA1FF2CEFDC9F009AF038 /* Project object */;
			proxyType = 1;
			remoteGlobalIDString = FCECA2062CEFDC9F009AF038;
			remoteInfo = DrifTracker;
		};
		FCECA2222CEFDCA2009AF038 /* PBXContainerItemProxy */ = {
			isa = PBXContainerItemProxy;
			containerPortal = FCECA1FF2CEFDC9F009AF038 /* Project object */;
			proxyType = 1;
			remoteGlobalIDString = FCECA2062CEFDC9F009AF038;
			remoteInfo = DrifTracker;
		};
/* End PBXContainerItemProxy section */

/* Begin PBXCopyFilesBuildPhase section */
		A37954062CFB4951000FADC0 /* Embed Watch Content */ = {
			isa = PBXCopyFilesBuildPhase;
			buildActionMask = 2147483647;
			dstPath = "$(CONTENTS_FOLDER_PATH)/Watch";
			dstSubfolderSpec = 16;
			files = (
			);
			name = "Embed Watch Content";
			runOnlyForDeploymentPostprocessing = 0;
		};
/* End PBXCopyFilesBuildPhase section */

/* Begin PBXFileReference section */
		FCECA2072CEFDC9F009AF038 /* DrifTracker.app */ = {isa = PBXFileReference; explicitFileType = wrapper.application; includeInIndex = 0; path = DrifTracker.app; sourceTree = BUILT_PRODUCTS_DIR; };
		FCECA2172CEFDCA2009AF038 /* DrifTrackerTests.xctest */ = {isa = PBXFileReference; explicitFileType = wrapper.cfbundle; includeInIndex = 0; path = DrifTrackerTests.xctest; sourceTree = BUILT_PRODUCTS_DIR; };
		FCECA2212CEFDCA2009AF038 /* DrifTrackerUITests.xctest */ = {isa = PBXFileReference; explicitFileType = wrapper.cfbundle; includeInIndex = 0; path = DrifTrackerUITests.xctest; sourceTree = BUILT_PRODUCTS_DIR; };
/* End PBXFileReference section */

/* Begin PBXFileSystemSynchronizedBuildFileExceptionSet section */
		A3B12FC72CF913C100446097 /* Exceptions for "DrifTracker" folder in "DrifTracker" target */ = {
			isa = PBXFileSystemSynchronizedBuildFileExceptionSet;
			membershipExceptions = (
				Info.plist,
			);
			target = FCECA2062CEFDC9F009AF038 /* DrifTracker */;
		};
/* End PBXFileSystemSynchronizedBuildFileExceptionSet section */

/* Begin PBXFileSystemSynchronizedRootGroup section */
		FCECA2092CEFDC9F009AF038 /* DrifTracker */ = {
			isa = PBXFileSystemSynchronizedRootGroup;
			exceptions = (
				A3B12FC72CF913C100446097 /* Exceptions for "DrifTracker" folder in "DrifTracker" target */,
			);
			path = DrifTracker;
			sourceTree = "<group>";
		};
/* End PBXFileSystemSynchronizedRootGroup section */

/* Begin PBXFrameworksBuildPhase section */
		FCECA2042CEFDC9F009AF038 /* Frameworks */ = {
			isa = PBXFrameworksBuildPhase;
			buildActionMask = 2147483647;
			files = (
			);
			runOnlyForDeploymentPostprocessing = 0;
		};
		FCECA2142CEFDCA2009AF038 /* Frameworks */ = {
			isa = PBXFrameworksBuildPhase;
			buildActionMask = 2147483647;
			files = (
			);
			runOnlyForDeploymentPostprocessing = 0;
		};
		FCECA21E2CEFDCA2009AF038 /* Frameworks */ = {
			isa = PBXFrameworksBuildPhase;
			buildActionMask = 2147483647;
			files = (
			);
			runOnlyForDeploymentPostprocessing = 0;
		};
/* End PBXFrameworksBuildPhase section */

/* Begin PBXGroup section */
		FCECA1FE2CEFDC9F009AF038 = {
			isa = PBXGroup;
			children = (
				FCECA2092CEFDC9F009AF038 /* DrifTracker */,
				FCECA2082CEFDC9F009AF038 /* Products */,
			);
			sourceTree = "<group>";
		};
		FCECA2082CEFDC9F009AF038 /* Products */ = {
			isa = PBXGroup;
			children = (
				FCECA2072CEFDC9F009AF038 /* DrifTracker.app */,
				FCECA2172CEFDCA2009AF038 /* DrifTrackerTests.xctest */,
				FCECA2212CEFDCA2009AF038 /* DrifTrackerUITests.xctest */,
			);
			name = Products;
			sourceTree = "<group>";
		};
/* End PBXGroup section */

/* Begin PBXNativeTarget section */
		FCECA2062CEFDC9F009AF038 /* DrifTracker */ = {
			isa = PBXNativeTarget;
			buildConfigurationList = FCECA22B2CEFDCA2009AF038 /* Build configuration list for PBXNativeTarget "DrifTracker" */;
			buildPhases = (
				FCECA2032CEFDC9F009AF038 /* Sources */,
				FCECA2042CEFDC9F009AF038 /* Frameworks */,
				FCECA2052CEFDC9F009AF038 /* Resources */,
				A37954062CFB4951000FADC0 /* Embed Watch Content */,
			);
			buildRules = (
			);
			dependencies = (
			);
			fileSystemSynchronizedGroups = (
				FCECA2092CEFDC9F009AF038 /* DrifTracker */,
			);
			name = DrifTracker;
			packageProductDependencies = (
			);
			productName = DrifTracker;
			productReference = FCECA2072CEFDC9F009AF038 /* DrifTracker.app */;
			productType = "com.apple.product-type.application";
		};
		FCECA2162CEFDCA2009AF038 /* DrifTrackerTests */ = {
			isa = PBXNativeTarget;
			buildConfigurationList = FCECA22E2CEFDCA2009AF038 /* Build configuration list for PBXNativeTarget "DrifTrackerTests" */;
			buildPhases = (
				FCECA2132CEFDCA2009AF038 /* Sources */,
				FCECA2142CEFDCA2009AF038 /* Frameworks */,
				FCECA2152CEFDCA2009AF038 /* Resources */,
			);
			buildRules = (
			);
			dependencies = (
				FCECA2192CEFDCA2009AF038 /* PBXTargetDependency */,
			);
			name = DrifTrackerTests;
			packageProductDependencies = (
			);
			productName = DrifTrackerTests;
			productReference = FCECA2172CEFDCA2009AF038 /* DrifTrackerTests.xctest */;
			productType = "com.apple.product-type.bundle.unit-test";
		};
		FCECA2202CEFDCA2009AF038 /* DrifTrackerUITests */ = {
			isa = PBXNativeTarget;
			buildConfigurationList = FCECA2312CEFDCA2009AF038 /* Build configuration list for PBXNativeTarget "DrifTrackerUITests" */;
			buildPhases = (
				FCECA21D2CEFDCA2009AF038 /* Sources */,
				FCECA21E2CEFDCA2009AF038 /* Frameworks */,
				FCECA21F2CEFDCA2009AF038 /* Resources */,
			);
			buildRules = (
			);
			dependencies = (
				FCECA2232CEFDCA2009AF038 /* PBXTargetDependency */,
			);
			name = DrifTrackerUITests;
			packageProductDependencies = (
			);
			productName = DrifTrackerUITests;
			productReference = FCECA2212CEFDCA2009AF038 /* DrifTrackerUITests.xctest */;
			productType = "com.apple.product-type.bundle.ui-testing";
		};
/* End PBXNativeTarget section */

/* Begin PBXProject section */
		FCECA1FF2CEFDC9F009AF038 /* Project object */ = {
			isa = PBXProject;
			attributes = {
				BuildIndependentTargetsInParallel = 1;
				LastSwiftUpdateCheck = 1610;
				LastUpgradeCheck = 1600;
				TargetAttributes = {
					FCECA2062CEFDC9F009AF038 = {
						CreatedOnToolsVersion = 16.0;
					};
					FCECA2162CEFDCA2009AF038 = {
						CreatedOnToolsVersion = 16.0;
						TestTargetID = FCECA2062CEFDC9F009AF038;
					};
					FCECA2202CEFDCA2009AF038 = {
						CreatedOnToolsVersion = 16.0;
						TestTargetID = FCECA2062CEFDC9F009AF038;
					};
				};
			};
			buildConfigurationList = FCECA2022CEFDC9F009AF038 /* Build configuration list for PBXProject "DrifTracker" */;
			developmentRegion = en;
			hasScannedForEncodings = 0;
			knownRegions = (
				en,
				Base,
			);
			mainGroup = FCECA1FE2CEFDC9F009AF038;
			minimizedProjectReferenceProxies = 1;
			preferredProjectObjectVersion = 77;
			productRefGroup = FCECA2082CEFDC9F009AF038 /* Products */;
			projectDirPath = "";
			projectRoot = "";
			targets = (
				FCECA2062CEFDC9F009AF038 /* DrifTracker */,
				FCECA2162CEFDCA2009AF038 /* DrifTrackerTests */,
				FCECA2202CEFDCA2009AF038 /* DrifTrackerUITests */,
			);
		};
/* End PBXProject section */

/* Begin PBXResourcesBuildPhase section */
		FCECA2052CEFDC9F009AF038 /* Resources */ = {
			isa = PBXResourcesBuildPhase;
			buildActionMask = 2147483647;
			files = (
			);
			runOnlyForDeploymentPostprocessing = 0;
		};
		FCECA2152CEFDCA2009AF038 /* Resources */ = {
			isa = PBXResourcesBuildPhase;
			buildActionMask = 2147483647;
			files = (
			);
			runOnlyForDeploymentPostprocessing = 0;
		};
		FCECA21F2CEFDCA2009AF038 /* Resources */ = {
			isa = PBXResourcesBuildPhase;
			buildActionMask = 2147483647;
			files = (
			);
			runOnlyForDeploymentPostprocessing = 0;
		};
/* End PBXResourcesBuildPhase section */

/* Begin PBXSourcesBuildPhase section */
		FCECA2032CEFDC9F009AF038 /* Sources */ = {
			isa = PBXSourcesBuildPhase;
			buildActionMask = 2147483647;
			files = (
			);
			runOnlyForDeploymentPostprocessing = 0;
		};
		FCECA2132CEFDCA2009AF038 /* Sources */ = {
			isa = PBXSourcesBuildPhase;
			buildActionMask = 2147483647;
			files = (
			);
			runOnlyForDeploymentPostprocessing = 0;
		};
		FCECA21D2CEFDCA2009AF038 /* Sources */ = {
			isa = PBXSourcesBuildPhase;
			buildActionMask = 2147483647;
			files = (
			);
			runOnlyForDeploymentPostprocessing = 0;
		};
/* End PBXSourcesBuildPhase section */

/* Begin PBXTargetDependency section */
		FCECA2192CEFDCA2009AF038 /* PBXTargetDependency */ = {
			isa = PBXTargetDependency;
			target = FCECA2062CEFDC9F009AF038 /* DrifTracker */;
			targetProxy = FCECA2182CEFDCA2009AF038 /* PBXContainerItemProxy */;
		};
		FCECA2232CEFDCA2009AF038 /* PBXTargetDependency */ = {
			isa = PBXTargetDependency;
			target = FCECA2062CEFDC9F009AF038 /* DrifTracker */;
			targetProxy = FCECA2222CEFDCA2009AF038 /* PBXContainerItemProxy */;
		};
/* End PBXTargetDependency section */

/* Begin XCBuildConfiguration section */
		FCECA2292CEFDCA2009AF038 /* Debug */ = {
			isa = XCBuildConfiguration;
			buildSettings = {
				ALWAYS_SEARCH_USER_PATHS = NO;
				ASSETCATALOG_COMPILER_GENERATE_SWIFT_ASSET_SYMBOL_EXTENSIONS = YES;
				CLANG_ANALYZER_NONNULL = YES;
				CLANG_ANALYZER_NUMBER_OBJECT_CONVERSION = YES_AGGRESSIVE;
				CLANG_CXX_LANGUAGE_STANDARD = "gnu++20";
				CLANG_ENABLE_MODULES = YES;
				CLANG_ENABLE_OBJC_ARC = YES;
				CLANG_ENABLE_OBJC_WEAK = YES;
				CLANG_WARN_BLOCK_CAPTURE_AUTORELEASING = YES;
				CLANG_WARN_BOOL_CONVERSION = YES;
				CLANG_WARN_COMMA = YES;
				CLANG_WARN_CONSTANT_CONVERSION = YES;
				CLANG_WARN_DEPRECATED_OBJC_IMPLEMENTATIONS = YES;
				CLANG_WARN_DIRECT_OBJC_ISA_USAGE = YES_ERROR;
				CLANG_WARN_DOCUMENTATION_COMMENTS = YES;
				CLANG_WARN_EMPTY_BODY = YES;
				CLANG_WARN_ENUM_CONVERSION = YES;
				CLANG_WARN_INFINITE_RECURSION = YES;
				CLANG_WARN_INT_CONVERSION = YES;
				CLANG_WARN_NON_LITERAL_NULL_CONVERSION = YES;
				CLANG_WARN_OBJC_IMPLICIT_RETAIN_SELF = YES;
				CLANG_WARN_OBJC_LITERAL_CONVERSION = YES;
				CLANG_WARN_OBJC_ROOT_CLASS = YES_ERROR;
				CLANG_WARN_QUOTED_INCLUDE_IN_FRAMEWORK_HEADER = YES;
				CLANG_WARN_RANGE_LOOP_ANALYSIS = YES;
				CLANG_WARN_STRICT_PROTOTYPES = YES;
				CLANG_WARN_SUSPICIOUS_MOVE = YES;
				CLANG_WARN_UNGUARDED_AVAILABILITY = YES_AGGRESSIVE;
				CLANG_WARN_UNREACHABLE_CODE = YES;
				CLANG_WARN__DUPLICATE_METHOD_MATCH = YES;
				COPY_PHASE_STRIP = NO;
				DEBUG_INFORMATION_FORMAT = dwarf;
				ENABLE_STRICT_OBJC_MSGSEND = YES;
				ENABLE_TESTABILITY = YES;
				ENABLE_USER_SCRIPT_SANDBOXING = YES;
				GCC_C_LANGUAGE_STANDARD = gnu17;
				GCC_DYNAMIC_NO_PIC = NO;
				GCC_NO_COMMON_BLOCKS = YES;
				GCC_OPTIMIZATION_LEVEL = 0;
				GCC_PREPROCESSOR_DEFINITIONS = (
					"DEBUG=1",
					"$(inherited)",
				);
				GCC_WARN_64_TO_32_BIT_CONVERSION = YES;
				GCC_WARN_ABOUT_RETURN_TYPE = YES_ERROR;
				GCC_WARN_UNDECLARED_SELECTOR = YES;
				GCC_WARN_UNINITIALIZED_AUTOS = YES_AGGRESSIVE;
				GCC_WARN_UNUSED_FUNCTION = YES;
				GCC_WARN_UNUSED_VARIABLE = YES;
				IPHONEOS_DEPLOYMENT_TARGET = 18.0;
				LOCALIZATION_PREFERS_STRING_CATALOGS = YES;
				MTL_ENABLE_DEBUG_INFO = INCLUDE_SOURCE;
				MTL_FAST_MATH = YES;
				ONLY_ACTIVE_ARCH = YES;
				SDKROOT = iphoneos;
				SWIFT_ACTIVE_COMPILATION_CONDITIONS = "DEBUG $(inherited)";
				SWIFT_OPTIMIZATION_LEVEL = "-Onone";
			};
			name = Debug;
		};
		FCECA22A2CEFDCA2009AF038 /* Release */ = {
			isa = XCBuildConfiguration;
			buildSettings = {
				ALWAYS_SEARCH_USER_PATHS = NO;
				ASSETCATALOG_COMPILER_GENERATE_SWIFT_ASSET_SYMBOL_EXTENSIONS = YES;
				CLANG_ANALYZER_NONNULL = YES;
				CLANG_ANALYZER_NUMBER_OBJECT_CONVERSION = YES_AGGRESSIVE;
				CLANG_CXX_LANGUAGE_STANDARD = "gnu++20";
				CLANG_ENABLE_MODULES = YES;
				CLANG_ENABLE_OBJC_ARC = YES;
				CLANG_ENABLE_OBJC_WEAK = YES;
				CLANG_WARN_BLOCK_CAPTURE_AUTORELEASING = YES;
				CLANG_WARN_BOOL_CONVERSION = YES;
				CLANG_WARN_COMMA = YES;
				CLANG_WARN_CONSTANT_CONVERSION = YES;
				CLANG_WARN_DEPRECATED_OBJC_IMPLEMENTATIONS = YES;
				CLANG_WARN_DIRECT_OBJC_ISA_USAGE = YES_ERROR;
				CLANG_WARN_DOCUMENTATION_COMMENTS = YES;
				CLANG_WARN_EMPTY_BODY = YES;
				CLANG_WARN_ENUM_CONVERSION = YES;
				CLANG_WARN_INFINITE_RECURSION = YES;
				CLANG_WARN_INT_CONVERSION = YES;
				CLANG_WARN_NON_LITERAL_NULL_CONVERSION = YES;
				CLANG_WARN_OBJC_IMPLICIT_RETAIN_SELF = YES;
				CLANG_WARN_OBJC_LITERAL_CONVERSION = YES;
				CLANG_WARN_OBJC_ROOT_CLASS = YES_ERROR;
				CLANG_WARN_QUOTED_INCLUDE_IN_FRAMEWORK_HEADER = YES;
				CLANG_WARN_RANGE_LOOP_ANALYSIS = YES;
				CLANG_WARN_STRICT_PROTOTYPES = YES;
				CLANG_WARN_SUSPICIOUS_MOVE = YES;
				CLANG_WARN_UNGUARDED_AVAILABILITY = YES_AGGRESSIVE;
				CLANG_WARN_UNREACHABLE_CODE = YES;
				CLANG_WARN__DUPLICATE_METHOD_MATCH = YES;
				COPY_PHASE_STRIP = NO;
				DEBUG_INFORMATION_FORMAT = "dwarf-with-dsym";
				ENABLE_NS_ASSERTIONS = NO;
				ENABLE_STRICT_OBJC_MSGSEND = YES;
				ENABLE_USER_SCRIPT_SANDBOXING = YES;
				GCC_C_LANGUAGE_STANDARD = gnu17;
				GCC_NO_COMMON_BLOCKS = YES;
				GCC_WARN_64_TO_32_BIT_CONVERSION = YES;
				GCC_WARN_ABOUT_RETURN_TYPE = YES_ERROR;
				GCC_WARN_UNDECLARED_SELECTOR = YES;
				GCC_WARN_UNINITIALIZED_AUTOS = YES_AGGRESSIVE;
				GCC_WARN_UNUSED_FUNCTION = YES;
				GCC_WARN_UNUSED_VARIABLE = YES;
				IPHONEOS_DEPLOYMENT_TARGET = 18.0;
				LOCALIZATION_PREFERS_STRING_CATALOGS = YES;
				MTL_ENABLE_DEBUG_INFO = NO;
				MTL_FAST_MATH = YES;
				SDKROOT = iphoneos;
				SWIFT_COMPILATION_MODE = wholemodule;
				VALIDATE_PRODUCT = YES;
			};
			name = Release;
		};
		FCECA22C2CEFDCA2009AF038 /* Debug */ = {
			isa = XCBuildConfiguration;
			buildSettings = {
				ASSETCATALOG_COMPILER_APPICON_NAME = AppIcon;
				ASSETCATALOG_COMPILER_GLOBAL_ACCENT_COLOR_NAME = AccentColor;
				CODE_SIGN_ENTITLEMENTS = DrifTracker/DrifTracker.entitlements;
				CODE_SIGN_STYLE = Automatic;
				CURRENT_PROJECT_VERSION = 1;
				DEVELOPMENT_ASSET_PATHS = "\"DrifTracker/Preview Content\"";
				DEVELOPMENT_TEAM = 5AR869XS69;
				ENABLE_PREVIEWS = YES;
				GENERATE_INFOPLIST_FILE = YES;
				INFOPLIST_KEY_LSApplicationCategoryType = "public.app-category.sports";
				INFOPLIST_KEY_NSHealthShareUsageDescription = "Questa app acquisirà i tuoi dati di HRV per catturare i livelli di stress ad ogni sessione.";
				INFOPLIST_KEY_NSLocationAlwaysUsageDescription = "La tua posizione verrà usata per tracciare il veicolo anche in background";
				INFOPLIST_KEY_NSLocationWhenInUseUsageDescription = "Questa app utilizza la tua posizione per tracciare il percorso del drift";
				INFOPLIST_KEY_NSMotionUsageDescription = "Questa app utilizza i sensori di movimento per monitorare l'angolo di drift e la velocità";
				INFOPLIST_KEY_UIApplicationSceneManifest_Generation = YES;
				INFOPLIST_KEY_UIApplicationSupportsIndirectInputEvents = YES;
				INFOPLIST_KEY_UILaunchScreen_Generation = YES;
				INFOPLIST_KEY_UIRequiresFullScreen = YES;
				INFOPLIST_KEY_UIStatusBarHidden = YES;
				INFOPLIST_KEY_UIStatusBarStyle = UIStatusBarStyleDarkContent;
				INFOPLIST_KEY_UISupportedInterfaceOrientations_iPad = "UIInterfaceOrientationPortrait UIInterfaceOrientationPortraitUpsideDown UIInterfaceOrientationLandscapeLeft UIInterfaceOrientationLandscapeRight";
				INFOPLIST_KEY_UISupportedInterfaceOrientations_iPhone = "UIInterfaceOrientationPortrait UIInterfaceOrientationLandscapeLeft UIInterfaceOrientationLandscapeRight";
				LD_RUNPATH_SEARCH_PATHS = (
					"$(inherited)",
					"@executable_path/Frameworks",
				);
				MARKETING_VERSION = 1.0;
				PRODUCT_BUNDLE_IDENTIFIER = com.driftracker.DrifTracker;
				PRODUCT_NAME = "$(TARGET_NAME)";
				SWIFT_EMIT_LOC_STRINGS = YES;
				SWIFT_VERSION = 5.0;
				TARGETED_DEVICE_FAMILY = "1,2";
			};
			name = Debug;
		};
		FCECA22D2CEFDCA2009AF038 /* Release */ = {
			isa = XCBuildConfiguration;
			buildSettings = {
				ASSETCATALOG_COMPILER_APPICON_NAME = AppIcon;
				ASSETCATALOG_COMPILER_GLOBAL_ACCENT_COLOR_NAME = AccentColor;
				CODE_SIGN_ENTITLEMENTS = DrifTracker/DrifTracker.entitlements;
				CODE_SIGN_STYLE = Automatic;
				CURRENT_PROJECT_VERSION = 1;
				DEVELOPMENT_ASSET_PATHS = "\"DrifTracker/Preview Content\"";
				DEVELOPMENT_TEAM = 5AR869XS69;
				ENABLE_PREVIEWS = YES;
				GENERATE_INFOPLIST_FILE = YES;
				INFOPLIST_KEY_LSApplicationCategoryType = "public.app-category.sports";
				INFOPLIST_KEY_NSHealthShareUsageDescription = "Questa app acquisirà i tuoi dati di HRV per catturare i livelli di stress ad ogni sessione.";
				INFOPLIST_KEY_NSLocationAlwaysUsageDescription = "La tua posizione verrà usata per tracciare il veicolo anche in background";
				INFOPLIST_KEY_NSLocationWhenInUseUsageDescription = "Questa app utilizza la tua posizione per tracciare il percorso del drift";
				INFOPLIST_KEY_NSMotionUsageDescription = "Questa app utilizza i sensori di movimento per monitorare l'angolo di drift e la velocità";
				INFOPLIST_KEY_UIApplicationSceneManifest_Generation = YES;
				INFOPLIST_KEY_UIApplicationSupportsIndirectInputEvents = YES;
				INFOPLIST_KEY_UILaunchScreen_Generation = YES;
				INFOPLIST_KEY_UIRequiresFullScreen = YES;
				INFOPLIST_KEY_UIStatusBarHidden = YES;
				INFOPLIST_KEY_UIStatusBarStyle = UIStatusBarStyleDarkContent;
				INFOPLIST_KEY_UISupportedInterfaceOrientations_iPad = "UIInterfaceOrientationPortrait UIInterfaceOrientationPortraitUpsideDown UIInterfaceOrientationLandscapeLeft UIInterfaceOrientationLandscapeRight";
				INFOPLIST_KEY_UISupportedInterfaceOrientations_iPhone = "UIInterfaceOrientationPortrait UIInterfaceOrientationLandscapeLeft UIInterfaceOrientationLandscapeRight";
				LD_RUNPATH_SEARCH_PATHS = (
					"$(inherited)",
					"@executable_path/Frameworks",
				);
				MARKETING_VERSION = 1.0;
				PRODUCT_BUNDLE_IDENTIFIER = com.driftracker.DrifTracker;
				PRODUCT_NAME = "$(TARGET_NAME)";
				SWIFT_EMIT_LOC_STRINGS = YES;
				SWIFT_VERSION = 5.0;
				TARGETED_DEVICE_FAMILY = "1,2";
			};
			name = Release;
		};
		FCECA22F2CEFDCA2009AF038 /* Debug */ = {
			isa = XCBuildConfiguration;
			buildSettings = {
				BUNDLE_LOADER = "$(TEST_HOST)";
				CODE_SIGN_STYLE = Automatic;
				CURRENT_PROJECT_VERSION = 1;
				GENERATE_INFOPLIST_FILE = YES;
				IPHONEOS_DEPLOYMENT_TARGET = 18.0;
				MARKETING_VERSION = 1.0;
				PRODUCT_BUNDLE_IDENTIFIER = com.driftracker.DrifTrackerTests;
				PRODUCT_NAME = "$(TARGET_NAME)";
				SWIFT_EMIT_LOC_STRINGS = NO;
				SWIFT_VERSION = 5.0;
				TARGETED_DEVICE_FAMILY = "1,2";
				TEST_HOST = "$(BUILT_PRODUCTS_DIR)/DrifTracker.app/$(BUNDLE_EXECUTABLE_FOLDER_PATH)/DrifTracker";
			};
			name = Debug;
		};
		FCECA2302CEFDCA2009AF038 /* Release */ = {
			isa = XCBuildConfiguration;
			buildSettings = {
				BUNDLE_LOADER = "$(TEST_HOST)";
				CODE_SIGN_STYLE = Automatic;
				CURRENT_PROJECT_VERSION = 1;
				GENERATE_INFOPLIST_FILE = YES;
				IPHONEOS_DEPLOYMENT_TARGET = 18.0;
				MARKETING_VERSION = 1.0;
				PRODUCT_BUNDLE_IDENTIFIER = com.driftracker.DrifTrackerTests;
				PRODUCT_NAME = "$(TARGET_NAME)";
				SWIFT_EMIT_LOC_STRINGS = NO;
				SWIFT_VERSION = 5.0;
				TARGETED_DEVICE_FAMILY = "1,2";
				TEST_HOST = "$(BUILT_PRODUCTS_DIR)/DrifTracker.app/$(BUNDLE_EXECUTABLE_FOLDER_PATH)/DrifTracker";
			};
			name = Release;
		};
		FCECA2322CEFDCA2009AF038 /* Debug */ = {
			isa = XCBuildConfiguration;
			buildSettings = {
				CODE_SIGN_STYLE = Automatic;
				CURRENT_PROJECT_VERSION = 1;
				GENERATE_INFOPLIST_FILE = YES;
				MARKETING_VERSION = 1.0;
				PRODUCT_BUNDLE_IDENTIFIER = com.driftracker.DrifTrackerUITests;
				PRODUCT_NAME = "$(TARGET_NAME)";
				SWIFT_EMIT_LOC_STRINGS = NO;
				SWIFT_VERSION = 5.0;
				TARGETED_DEVICE_FAMILY = "1,2";
				TEST_TARGET_NAME = DrifTracker;
			};
			name = Debug;
		};
		FCECA2332CEFDCA2009AF038 /* Release */ = {
			isa = XCBuildConfiguration;
			buildSettings = {
				CODE_SIGN_STYLE = Automatic;
				CURRENT_PROJECT_VERSION = 1;
				GENERATE_INFOPLIST_FILE = YES;
				MARKETING_VERSION = 1.0;
				PRODUCT_BUNDLE_IDENTIFIER = com.driftracker.DrifTrackerUITests;
				PRODUCT_NAME = "$(TARGET_NAME)";
				SWIFT_EMIT_LOC_STRINGS = NO;
				SWIFT_VERSION = 5.0;
				TARGETED_DEVICE_FAMILY = "1,2";
				TEST_TARGET_NAME = DrifTracker;
			};
			name = Release;
		};
/* End XCBuildConfiguration section */

/* Begin XCConfigurationList section */
		FCECA2022CEFDC9F009AF038 /* Build configuration list for PBXProject "DrifTracker" */ = {
			isa = XCConfigurationList;
			buildConfigurations = (
				FCECA2292CEFDCA2009AF038 /* Debug */,
				FCECA22A2CEFDCA2009AF038 /* Release */,
			);
			defaultConfigurationIsVisible = 0;
			defaultConfigurationName = Release;
		};
		FCECA22B2CEFDCA2009AF038 /* Build configuration list for PBXNativeTarget "DrifTracker" */ = {
			isa = XCConfigurationList;
			buildConfigurations = (
				FCECA22C2CEFDCA2009AF038 /* Debug */,
				FCECA22D2CEFDCA2009AF038 /* Release */,
			);
			defaultConfigurationIsVisible = 0;
			defaultConfigurationName = Release;
		};
		FCECA22E2CEFDCA2009AF038 /* Build configuration list for PBXNativeTarget "DrifTrackerTests" */ = {
			isa = XCConfigurationList;
			buildConfigurations = (
				FCECA22F2CEFDCA2009AF038 /* Debug */,
				FCECA2302CEFDCA2009AF038 /* Release */,
			);
			defaultConfigurationIsVisible = 0;
			defaultConfigurationName = Release;
		};
		FCECA2312CEFDCA2009AF038 /* Build configuration list for PBXNativeTarget "DrifTrackerUITests" */ = {
			isa = XCConfigurationList;
			buildConfigurations = (
				FCECA2322CEFDCA2009AF038 /* Debug */,
				FCECA2332CEFDCA2009AF038 /* Release */,
			);
			defaultConfigurationIsVisible = 0;
			defaultConfigurationName = Release;
		};
/* End XCConfigurationList section */
	};
	rootObject = FCECA1FF2CEFDC9F009AF038 /* Project object */;
}
